
Microsoft Visual Studio Solution File, Format Version 12.00
# Visual Studio 14
VisualStudioVersion = 14.0.25123.0
MinimumVisualStudioVersion = 10.0.40219.1
Project("{FAE04EC0-301F-11D3-BF4B-00C04F79EFBC}") = "videocallingapp", "videocallingapp\videocallingapp.csproj", "{48AEEBF4-10D7-40EF-B28D-C70EED6F6300}"
EndProject
Global
	GlobalSection(SolutionConfigurationPlatforms) = preSolution
		Debug|Any CPU = Debug|Any CPU
		Release|Any CPU = Release|Any CPU
	EndGlobalSection
	GlobalSection(ProjectConfigurationPlatforms) = postSolution
		{48AEEBF4-10D7-40EF-B28D-C70EED6F6300}.Debug|Any CPU.ActiveCfg = Debug|Any CPU
		{48AEEBF4-10D7-40EF-B28D-C70EED6F6300}.Debug|Any CPU.Build.0 = Debug|Any CPU
		{48AEEBF4-10D7-40EF-B28D-C70EED6F6300}.Release|Any CPU.ActiveCfg = Release|Any CPU
		{48AEEBF4-10D7-40EF-B28D-C70EED6F6300}.Release|Any CPU.Build.0 = Release|Any CPU
	EndGlobalSection
	GlobalSection(SolutionProperties) = preSolution
		HideSolutionNode = FALSE
	EndGlobalSection
EndGlobal
